
Microsoft Visual Studio Solution File, Format Version 12.00
# Visual Studio 15
VisualStudioVersion = 15.0.27729.1
MinimumVisualStudioVersion = 10.0.40219.1
Project("{FAE04EC0-301F-11D3-BF4B-00C04F79EFBC}") = "TipCalc.UWP", "TipCalc.UWP\TipCalc.UWP.csproj", "{D04FDF2D-3403-4F22-98B3-7B4E2780013C}"
EndProject
Project("{9A19103F-16F7-4668-BE54-9A1E7A4F7556}") = "TipCalc.Core", "TipCalc.Core\TipCalc.Core.csproj", "{08D2FCF8-158F-4516-86C4-416CC363591E}"
EndProject
Project("{9A19103F-16F7-4668-BE54-9A1E7A4F7556}") = "TipCalc.UI", "TipCalc.UI\TipCalc.UI.csproj", "{2B89AF8D-36E8-4F48-917C-4581F1191CEF}"
EndProject
Project("{FAE04EC0-301F-11D3-BF4B-00C04F79EFBC}") = "TipCalc.Droid", "TipCalc.Droid\TipCalc.Droid.csproj", "{B8F3CE85-6C26-45A9-B95B-3413D7E44C38}"
EndProject
Global
	GlobalSection(SolutionConfigurationPlatforms) = preSolution
		Debug|Any CPU = Debug|Any CPU
		Debug|ARM = Debug|ARM
		Debug|x64 = Debug|x64
		Debug|x86 = Debug|x86
		Release|Any CPU = Release|Any CPU
		Release|ARM = Release|ARM
		Release|x64 = Release|x64
		Release|x86 = Release|x86
	EndGlobalSection
	GlobalSection(ProjectConfigurationPlatforms) = postSolution
		{D04FDF2D-3403-4F22-98B3-7B4E2780013C}.Debug|Any CPU.ActiveCfg = Debug|x86
		{D04FDF2D-3403-4F22-98B3-7B4E2780013C}.Debug|Any CPU.Build.0 = Debug|x86
		{D04FDF2D-3403-4F22-98B3-7B4E2780013C}.Debug|Any CPU.Deploy.0 = Debug|x86
		{D04FDF2D-3403-4F22-98B3-7B4E2780013C}.Debug|ARM.ActiveCfg = Debug|ARM
		{D04FDF2D-3403-4F22-98B3-7B4E2780013C}.Debug|ARM.Build.0 = Debug|ARM
		{D04FDF2D-3403-4F22-98B3-7B4E2780013C}.Debug|ARM.Deploy.0 = Debug|ARM
		{D04FDF2D-3403-4F22-98B3-7B4E2780013C}.Debug|x64.ActiveCfg = Debug|x64
		{D04FDF2D-3403-4F22-98B3-7B4E2780013C}.Debug|x64.Build.0 = Debug|x64
		{D04FDF2D-3403-4F22-98B3-7B4E2780013C}.Debug|x64.Deploy.0 = Debug|x64
		{D04FDF2D-3403-4F22-98B3-7B4E2780013C}.Debug|x86.ActiveCfg = Debug|x86
		{D04FDF2D-3403-4F22-98B3-7B4E2780013C}.Debug|x86.Build.0 = Debug|x86
		{D04FDF2D-3403-4F22-98B3-7B4E2780013C}.Debug|x86.Deploy.0 = Debug|x86
		{D04FDF2D-3403-4F22-98B3-7B4E2780013C}.Release|Any CPU.ActiveCfg = Release|x86
		{D04FDF2D-3403-4F22-98B3-7B4E2780013C}.Release|ARM.ActiveCfg = Release|ARM
		{D04FDF2D-3403-4F22-98B3-7B4E2780013C}.Release|ARM.Build.0 = Release|ARM
		{D04FDF2D-3403-4F22-98B3-7B4E2780013C}.Release|ARM.Deploy.0 = Release|ARM
		{D04FDF2D-3403-4F22-98B3-7B4E2780013C}.Release|x64.ActiveCfg = Release|x64
		{D04FDF2D-3403-4F22-98B3-7B4E2780013C}.Release|x64.Build.0 = Release|x64
		{D04FDF2D-3403-4F22-98B3-7B4E2780013C}.Release|x64.Deploy.0 = Release|x64
		{D04FDF2D-3403-4F22-98B3-7B4E2780013C}.Release|x86.ActiveCfg = Release|x86
		{D04FDF2D-3403-4F22-98B3-7B4E2780013C}.Release|x86.Build.0 = Release|x86
		{D04FDF2D-3403-4F22-98B3-7B4E2780013C}.Release|x86.Deploy.0 = Release|x86
		{08D2FCF8-158F-4516-86C4-416CC363591E}.Debug|Any CPU.ActiveCfg = Debug|Any CPU
		{08D2FCF8-158F-4516-86C4-416CC363591E}.Debug|Any CPU.Build.0 = Debug|Any CPU
		{08D2FCF8-158F-4516-86C4-416CC363591E}.Debug|ARM.ActiveCfg = Debug|Any CPU
		{08D2FCF8-158F-4516-86C4-416CC363591E}.Debug|ARM.Build.0 = Debug|Any CPU
		{08D2FCF8-158F-4516-86C4-416CC363591E}.Debug|x64.ActiveCfg = Debug|Any CPU
		{08D2FCF8-158F-4516-86C4-416CC363591E}.Debug|x64.Build.0 = Debug|Any CPU
		{08D2FCF8-158F-4516-86C4-416CC363591E}.Debug|x86.ActiveCfg = Debug|Any CPU
		{08D2FCF8-158F-4516-86C4-416CC363591E}.Debug|x86.Build.0 = Debug|Any CPU
		{08D2FCF8-158F-4516-86C4-416CC363591E}.Release|Any CPU.ActiveCfg = Release|Any CPU
		{08D2FCF8-158F-4516-86C4-416CC363591E}.Release|Any CPU.Build.0 = Release|Any CPU
		{08D2FCF8-158F-4516-86C4-416CC363591E}.Release|ARM.ActiveCfg = Release|Any CPU
		{08D2FCF8-158F-4516-86C4-416CC363591E}.Release|ARM.Build.0 = Release|Any CPU
		{08D2FCF8-158F-4516-86C4-416CC363591E}.Release|x64.ActiveCfg = Release|Any CPU
		{08D2FCF8-158F-4516-86C4-416CC363591E}.Release|x64.Build.0 = Release|Any CPU
		{08D2FCF8-158F-4516-86C4-416CC363591E}.Release|x86.ActiveCfg = Release|Any CPU
		{08D2FCF8-158F-4516-86C4-416CC363591E}.Release|x86.Build.0 = Release|Any CPU
		{2B89AF8D-36E8-4F48-917C-4581F1191CEF}.Debug|Any CPU.ActiveCfg = Debug|Any CPU
		{2B89AF8D-36E8-4F48-917C-4581F1191CEF}.Debug|Any CPU.Build.0 = Debug|Any CPU
		{2B89AF8D-36E8-4F48-917C-4581F1191CEF}.Debug|ARM.ActiveCfg = Debug|Any CPU
		{2B89AF8D-36E8-4F48-917C-4581F1191CEF}.Debug|ARM.Build.0 = Debug|Any CPU
		{2B89AF8D-36E8-4F48-917C-4581F1191CEF}.Debug|x64.ActiveCfg = Debug|Any CPU
		{2B89AF8D-36E8-4F48-917C-4581F1191CEF}.Debug|x64.Build.0 = Debug|Any CPU
		{2B89AF8D-36E8-4F48-917C-4581F1191CEF}.Debug|x86.ActiveCfg = Debug|Any CPU
		{2B89AF8D-36E8-4F48-917C-4581F1191CEF}.Debug|x86.Build.0 = Debug|Any CPU
		{2B89AF8D-36E8-4F48-917C-4581F1191CEF}.Release|Any CPU.ActiveCfg = Release|Any CPU
		{2B89AF8D-36E8-4F48-917C-4581F1191CEF}.Release|Any CPU.Build.0 = Release|Any CPU
		{2B89AF8D-36E8-4F48-917C-4581F1191CEF}.Release|ARM.ActiveCfg = Release|Any CPU
		{2B89AF8D-36E8-4F48-917C-4581F1191CEF}.Release|ARM.Build.0 = Release|Any CPU
		{2B89AF8D-36E8-4F48-917C-4581F1191CEF}.Release|x64.ActiveCfg = Release|Any CPU
		{2B89AF8D-36E8-4F48-917C-4581F1191CEF}.Release|x64.Build.0 = Release|Any CPU
		{2B89AF8D-36E8-4F48-917C-4581F1191CEF}.Release|x86.ActiveCfg = Release|Any CPU
		{2B89AF8D-36E8-4F48-917C-4581F1191CEF}.Release|x86.Build.0 = Release|Any CPU
		{B8F3CE85-6C26-45A9-B95B-3413D7E44C38}.Debug|Any CPU.ActiveCfg = Debug|Any CPU
		{B8F3CE85-6C26-45A9-B95B-3413D7E44C38}.Debug|Any CPU.Build.0 = Debug|Any CPU
		{B8F3CE85-6C26-45A9-B95B-3413D7E44C38}.Debug|Any CPU.Deploy.0 = Debug|Any CPU
		{B8F3CE85-6C26-45A9-B95B-3413D7E44C38}.Debug|ARM.ActiveCfg = Debug|Any CPU
		{B8F3CE85-6C26-45A9-B95B-3413D7E44C38}.Debug|ARM.Build.0 = Debug|Any CPU
		{B8F3CE85-6C26-45A9-B95B-3413D7E44C38}.Debug|ARM.Deploy.0 = Debug|Any CPU
		{B8F3CE85-6C26-45A9-B95B-3413D7E44C38}.Debug|x64.ActiveCfg = Debug|Any CPU
		{B8F3CE85-6C26-45A9-B95B-3413D7E44C38}.Debug|x64.Build.0 = Debug|Any CPU
		{B8F3CE85-6C26-45A9-B95B-3413D7E44C38}.Debug|x64.Deploy.0 = Debug|Any CPU
		{B8F3CE85-6C26-45A9-B95B-3413D7E44C38}.Debug|x86.ActiveCfg = Debug|Any CPU
		{B8F3CE85-6C26-45A9-B95B-3413D7E44C38}.Debug|x86.Build.0 = Debug|Any CPU
		{B8F3CE85-6C26-45A9-B95B-3413D7E44C38}.Debug|x86.Deploy.0 = Debug|Any CPU
		{B8F3CE85-6C26-45A9-B95B-3413D7E44C38}.Release|Any CPU.ActiveCfg = Release|Any CPU
		{B8F3CE85-6C26-45A9-B95B-3413D7E44C38}.Release|Any CPU.Build.0 = Release|Any CPU
		{B8F3CE85-6C26-45A9-B95B-3413D7E44C38}.Release|Any CPU.Deploy.0 = Release|Any CPU
		{B8F3CE85-6C26-45A9-B95B-3413D7E44C38}.Release|ARM.ActiveCfg = Release|Any CPU
		{B8F3CE85-6C26-45A9-B95B-3413D7E44C38}.Release|ARM.Build.0 = Release|Any CPU
		{B8F3CE85-6C26-45A9-B95B-3413D7E44C38}.Release|ARM.Deploy.0 = Release|Any CPU
		{B8F3CE85-6C26-45A9-B95B-3413D7E44C38}.Release|x64.ActiveCfg = Release|Any CPU
		{B8F3CE85-6C26-45A9-B95B-3413D7E44C38}.Release|x64.Build.0 = Release|Any CPU
		{B8F3CE85-6C26-45A9-B95B-3413D7E44C38}.Release|x64.Deploy.0 = Release|Any CPU
		{B8F3CE85-6C26-45A9-B95B-3413D7E44C38}.Release|x86.ActiveCfg = Release|Any CPU
		{B8F3CE85-6C26-45A9-B95B-3413D7E44C38}.Release|x86.Build.0 = Release|Any CPU
		{B8F3CE85-6C26-45A9-B95B-3413D7E44C38}.Release|x86.Deploy.0 = Release|Any CPU
	EndGlobalSection
	GlobalSection(SolutionProperties) = preSolution
		HideSolutionNode = FALSE
	EndGlobalSection
	GlobalSection(ExtensibilityGlobals) = postSolution
		SolutionGuid = {FF3A54F2-A326-4D54-9D6D-218A9EF0BC9F}
	EndGlobalSection
EndGlobal
